# THIS IS AN AUTOGENERATED FILE. DO NOT EDIT THIS FILE DIRECTLY.
# yarn lockfile v1


"@digitalbazaar/http-client@^3.4.1":
  version "3.4.1"
  resolved "https://registry.yarnpkg.com/@digitalbazaar/http-client/-/http-client-3.4.1.tgz#5116fc44290d647cfe4b615d1f3fad9d6005e44d"
  integrity sha512-Ahk1N+s7urkgj7WvvUND5f8GiWEPfUw0D41hdElaqLgu8wZScI8gdI0q+qWw5N1d35x7GCRH2uk9mi+Uzo9M3g==
  dependencies:
    ky "^0.33.3"
    ky-universal "^0.11.0"
    undici "^5.21.2"

"@elastic/elasticsearch@^8.11.0":
  version "8.14.0"
  resolved "https://registry.yarnpkg.com/@elastic/elasticsearch/-/elasticsearch-8.14.0.tgz#93b1f2a7cb6cc5cd1ceebf5060576bc690432e0a"
  integrity sha512-MGrgCI4y+Ozssf5Q2IkVJlqt5bUMnKIICG2qxeOfrJNrVugMCBCAQypyesmSSocAtNm8IX3LxfJ3jQlFHmKe2w==
  dependencies:
    "@elastic/transport" "^8.6.0"
    tslib "^2.4.0"

"@elastic/transport@^8.6.0":
  version "8.7.0"
  resolved "https://registry.yarnpkg.com/@elastic/transport/-/transport-8.7.0.tgz#006987fc5583f61c266e0b1003371e82efc7a6b5"
  integrity sha512-IqXT7a8DZPJtqP2qmX1I2QKmxYyN27kvSW4g6pInESE1SuGwZDp2FxHJ6W2kwmYOJwQdAt+2aWwzXO5jHo9l4A==
  dependencies:
    "@opentelemetry/api" "1.x"
    debug "^4.3.4"
    hpagent "^1.0.0"
    ms "^2.1.3"
    secure-json-parse "^2.4.0"
    tslib "^2.4.0"
    undici "^6.12.0"

"@fastify/busboy@^2.0.0":
  version "2.1.1"
  resolved "https://registry.yarnpkg.com/@fastify/busboy/-/busboy-2.1.1.tgz#b9da6a878a371829a0502c9b6c1c143ef6663f4d"
  integrity sha512-vBZP4NlzfOlerQTnba4aqZoMhE/a9HY7HRqoOPaETQcSQuWEIyZMHGfVu6w9wGtGK5fED5qRs2DteVCjOH60sA==

"@opentelemetry/api@1.x":
  version "1.9.0"
  resolved "https://registry.yarnpkg.com/@opentelemetry/api/-/api-1.9.0.tgz#d03eba68273dc0f7509e2a3d5cba21eae10379fe"
  integrity sha512-3giAOQvZiH5F9bMlMiv8+GSPMeqg0dbaeo58/0SlA9sxSqZhnUtxzX9/2FzyhS9sWQf5S0GJE0AKBrFqjpeYcg==

"@rdfjs/types@*", "@rdfjs/types@^1.1.0":
  version "1.1.0"
  resolved "https://registry.yarnpkg.com/@rdfjs/types/-/types-1.1.0.tgz#098f180b7cccb03bb416c7b4d03baaa9d480e36b"
  integrity sha512-5zm8bN2/CC634dTcn/0AhTRLaQRjXDZs3QfcAsQKNturHT7XVWcKy/8p3P5gXl+YkZTAmy7T5M/LyiT/jbkENw==
  dependencies:
    "@types/node" "*"

"@triply/triplydb@^8.0.7":
  version "8.0.7"
  resolved "https://registry.yarnpkg.com/@triply/triplydb/-/triplydb-8.0.7.tgz#eb464f41732add99531ffc4c8aea9df671268aeb"
  integrity sha512-kkQPBKfLsV+RNA4qt4JUaBbQy7a+Zs+NfZVjGa50AFL1Egecq2kUhYTzBA7Q2RXTZyloT4+gsB3Jm+aJ0vGM3g==
  dependencies:
    "@triply/tus-js-client" "2.3.0"
    "@triply/utils" "4.0.3"
    colors "^1.4.0"
    cross-fetch "^4.0.0"
    debug "^4.3.4"
    form-data "^4.0.0"
    fs-extra "^11.2.0"
    global-agent "^3.0.0"
    http-status-codes "^2.3.0"
    jwt-decode "^4.0.0"
    lodash-es "^4.17.21"
    md5 "^2.3.0"
    n3 "^1.17.3"
    parse-link-header "^2.0.0"
    pumpify "^2.0.1"
    query-string "^9.0.0"
    semver "^7.6.2"
    sparqljs "^3.7.1"
    ts-essentials "^10.0.0"

"@triply/tus-js-client@2.3.0":
  version "2.3.0"
  resolved "https://registry.yarnpkg.com/@triply/tus-js-client/-/tus-js-client-2.3.0.tgz#0c3e8cef7dc4dfd5fdb053050b99d5f58a891a3a"
  integrity sha512-m/alfhgIssz0C3z6n1bJLRc03B9DS4ULrNwF5SBhOQx+ldU9t1RsGP4IQW9I9T0WsrqfxGO0lAme6dPmdN5hJQ==
  dependencies:
    buffer-from "^0.1.1"
    combine-errors "^3.0.3"
    is-stream "^2.0.0"
    js-base64 "^2.6.1"
    lodash.throttle "^4.1.1"
    proper-lockfile "^2.0.1"
    url-parse "^1.4.3"

"@triply/utils@4.0.3":
  version "4.0.3"
  resolved "https://registry.yarnpkg.com/@triply/utils/-/utils-4.0.3.tgz#d9c6f48c7f7614b050d41e11650d53ab4041139a"
  integrity sha512-JANmoK9kJxVeFLEXka3f4J01cfGJR7pfvfL6jqpriLJirGQ4lQsG1EUuxlg6Az6ahwB0Cvfj7dvYmLyoq/5nZA==
  dependencies:
    "@elastic/elasticsearch" "^8.11.0"
    "@rdfjs/types" "^1.1.0"
    "@types/jsonld" "^1.5.13"
    autocast "0.0.4"
    commander "^10.0.1"
    deepdash "^5.3.9"
    find-up "6.3.0"
    fs-extra "^11.2.0"
    jsonld "^8.3.2"
    lodash-es "^4.17.21"
    numeral "^2.0.6"
    pumpify "^2.0.1"
    rdf-string "^1.6.3"
    source-map-support "^0.5.21"
    through2 "^4.0.2"
    ts-essentials "^9.4.1"
    url-parse "^1.5.10"
    yaml "^2.3.4"

"@types/fs-extra@^11.0.4":
  version "11.0.4"
  resolved "https://registry.yarnpkg.com/@types/fs-extra/-/fs-extra-11.0.4.tgz#e16a863bb8843fba8c5004362b5a73e17becca45"
  integrity sha512-yTbItCNreRooED33qjunPthRcSjERP1r4MqCZc7wv0u2sUkzTFp45tgUfS5+r7FrZPdmCCNflLhVSP/o+SemsQ==
  dependencies:
    "@types/jsonfile" "*"
    "@types/node" "*"

"@types/jsonfile@*":
  version "6.1.4"
  resolved "https://registry.yarnpkg.com/@types/jsonfile/-/jsonfile-6.1.4.tgz#614afec1a1164e7d670b4a7ad64df3e7beb7b702"
  integrity sha512-D5qGUYwjvnNNextdU59/+fI+spnwtTFmyQP0h+PfIOSkNfpU6AOICUOkm4i0OnSk+NyjdPJrxCDro0sJsWlRpQ==
  dependencies:
    "@types/node" "*"

"@types/jsonld@^1.5.13":
  version "1.5.15"
  resolved "https://registry.yarnpkg.com/@types/jsonld/-/jsonld-1.5.15.tgz#55dde3077c23986e5f2a3b62356d667bfb03fc71"
  integrity sha512-PlAFPZjL+AuGYmwlqwKEL0IMP8M8RexH0NIPGfCVWSQ041H2rR/8OlyZSD7KsCVoN8vCfWdtWDBxX8yBVP+xow==

"@types/n3@^1.16.4":
  version "1.16.4"
  resolved "https://registry.yarnpkg.com/@types/n3/-/n3-1.16.4.tgz#007f489eb848a6a8ac586b037b8eea281da5730f"
  integrity sha512-6PmHRYCCdjbbBV2UVC/HjtL6/5Orx9ku2CQjuojucuHvNvPmnm6+02B18YGhHfvU25qmX2jPXyYPHsMNkn+w2w==
  dependencies:
    "@rdfjs/types" "^1.1.0"
    "@types/node" "*"

"@types/node@*":
  version "20.14.12"
  resolved "https://registry.yarnpkg.com/@types/node/-/node-20.14.12.tgz#129d7c3a822cb49fc7ff661235f19cfefd422b49"
  integrity sha512-r7wNXakLeSsGT0H1AU863vS2wa5wBOK4bWMjZz2wj+8nBx+m5PeIn0k8AloSLpRuiwdRQZwarZqHE4FNArPuJQ==
  dependencies:
    undici-types "~5.26.4"

abort-controller@^3.0.0:
  version "3.0.0"
  resolved "https://registry.yarnpkg.com/abort-controller/-/abort-controller-3.0.0.tgz#eaf54d53b62bae4138e809ca225c8439a6efb392"
  integrity sha512-h8lQ8tacZYnR3vNQTgibj+tODHI5/+l06Au2Pcriv/Gmet0eaj4TwWH41sO9wnHDiQsEj19q0drzdWdeAHtweg==
  dependencies:
    event-target-shim "^5.0.0"

asynckit@^0.4.0:
  version "0.4.0"
  resolved "https://registry.yarnpkg.com/asynckit/-/asynckit-0.4.0.tgz#c79ed97f7f34cb8f2ba1bc9790bcc366474b4b79"
  integrity sha512-Oei9OH4tRh0YqU3GxhX79dM/mwVgvbZJaSNaRk+bshkj0S5cfHcgYakreBjrHwatXKbz+IoIdYLxrKim2MjW0Q==

autocast@0.0.4:
  version "0.0.4"
  resolved "https://registry.yarnpkg.com/autocast/-/autocast-0.0.4.tgz#ece7d92527ca37ea502f99e8f41fe44daf00dbce"
  integrity sha512-yZrGUpWQTGfNpOabBN90vHuQrZcUWm0eNp9BzoFzysgQMPLLTlEp32cNFrluSMUCUAs4mfbubfjdyB+B7fB3TQ==

base64-js@^1.3.1:
  version "1.5.1"
  resolved "https://registry.yarnpkg.com/base64-js/-/base64-js-1.5.1.tgz#1b1b440160a5bf7ad40b650f095963481903930a"
  integrity sha512-AKpaYlHn8t4SVbOHCy+b5+KKgvR4vrsD8vbvrbiQJps7fKDTkjkDry6ji0rUJjC0kzbNePLwzxq8iypo41qeWA==

boolean@^3.0.1:
  version "3.2.0"
  resolved "https://registry.yarnpkg.com/boolean/-/boolean-3.2.0.tgz#9e5294af4e98314494cbb17979fa54ca159f116b"
  integrity sha512-d0II/GO9uf9lfUHH2BQsjxzRJZBdsjgsBiW4BvhWk/3qoKwQFjIDVN19PfX8F2D/r9PCMTtLWjYVCFrpeYUzsw==

buffer-from@^0.1.1:
  version "0.1.2"
  resolved "https://registry.yarnpkg.com/buffer-from/-/buffer-from-0.1.2.tgz#15f4b9bcef012044df31142c14333caf6e0260d0"
  integrity sha512-RiWIenusJsmI2KcvqQABB83tLxCByE3upSP8QU3rJDMVFGPWLvPQJt/O1Su9moRWeH7d+Q2HYb68f6+v+tw2vg==

buffer-from@^1.0.0:
  version "1.1.2"
  resolved "https://registry.yarnpkg.com/buffer-from/-/buffer-from-1.1.2.tgz#2b146a6fd72e80b4f55d255f35ed59a3a9a41bd5"
  integrity sha512-E+XQCRwSbaaiChtv6k6Dwgc+bx+Bs6vuKJHHl5kox/BaKbhiXzqQOwK4cO22yElGp2OCmjwVhT3HmxgyPGnJfQ==

buffer@^6.0.3:
  version "6.0.3"
  resolved "https://registry.yarnpkg.com/buffer/-/buffer-6.0.3.tgz#2ace578459cc8fbe2a70aaa8f52ee63b6a74c6c6"
  integrity sha512-FTiCpNxtwiZZHEZbcbTIcZjERVICn9yq/pDFkTl95/AxzD1naBctN7YO68riM/gLSDY7sdrMby8hofADYuuqOA==
  dependencies:
    base64-js "^1.3.1"
    ieee754 "^1.2.1"

canonicalize@^1.0.1:
  version "1.0.8"
  resolved "https://registry.yarnpkg.com/canonicalize/-/canonicalize-1.0.8.tgz#24d1f1a00ed202faafd9bf8e63352cd4450c6df1"
  integrity sha512-0CNTVCLZggSh7bc5VkX5WWPWO+cyZbNd07IHIsSXLia/eAq+r836hgk+8BKoEh7949Mda87VUOitx5OddVj64A==

charenc@0.0.2:
  version "0.0.2"
  resolved "https://registry.yarnpkg.com/charenc/-/charenc-0.0.2.tgz#c0a1d2f3a7092e03774bfa83f14c0fc5790a8667"
  integrity sha512-yrLQ/yVUFXkzg7EDQsPieE/53+0RlaWTs+wBrvW36cyilJ2SaDWfl4Yj7MtLTXleV9uEKefbAGUPv2/iWSooRA==

colors@^1.4.0:
  version "1.4.0"
  resolved "https://registry.yarnpkg.com/colors/-/colors-1.4.0.tgz#c50491479d4c1bdaed2c9ced32cf7c7dc2360f78"
  integrity sha512-a+UqTh4kgZg/SlGvfbzDHpgRu7AAQOmmqRHJnxhRZICKFUT91brVhNNt58CMWU9PsBbv3PDCZUHbVxuDiH2mtA==

combine-errors@^3.0.3:
  version "3.0.3"
  resolved "https://registry.yarnpkg.com/combine-errors/-/combine-errors-3.0.3.tgz#f4df6740083e5703a3181110c2b10551f003da86"
  integrity sha512-C8ikRNRMygCwaTx+Ek3Yr+OuZzgZjduCOfSQBjbM8V3MfgcjSTeto/GXP6PAwKvJz/v15b7GHZvx5rOlczFw/Q==
  dependencies:
    custom-error-instance "2.1.1"
    lodash.uniqby "4.5.0"

combined-stream@^1.0.8:
  version "1.0.8"
  resolved "https://registry.yarnpkg.com/combined-stream/-/combined-stream-1.0.8.tgz#c3d45a8b34fd730631a110a8a2520682b31d5a7f"
  integrity sha512-FQN4MRfuJeHf7cBbBMJFXhKSDq+2kAArBlmRBvcvFE5BB1HZKXtSFASDhdlz9zOYwxh8lDdnvmMOe/+5cdoEdg==
  dependencies:
    delayed-stream "~1.0.0"

commander@^10.0.1:
  version "10.0.1"
  resolved "https://registry.yarnpkg.com/commander/-/commander-10.0.1.tgz#881ee46b4f77d1c1dccc5823433aa39b022cbe06"
  integrity sha512-y4Mg2tXshplEbSGzx7amzPwKKOCGuoSRP/CjEdwwk0FOGlUbq6lKuoyDZTNZkmxHdJtp54hdfY/JUrdL7Xfdug==

cross-fetch@^4.0.0:
  version "4.0.0"
  resolved "https://registry.yarnpkg.com/cross-fetch/-/cross-fetch-4.0.0.tgz#f037aef1580bb3a1a35164ea2a848ba81b445983"
  integrity sha512-e4a5N8lVvuLgAWgnCrLr2PP0YyDOTHa9H/Rj54dirp61qXnNq46m82bRhNqIA5VccJtWBvPTFRV3TtvHUKPB1g==
  dependencies:
    node-fetch "^2.6.12"

crypt@0.0.2:
  version "0.0.2"
  resolved "https://registry.yarnpkg.com/crypt/-/crypt-0.0.2.tgz#88d7ff7ec0dfb86f713dc87bbb42d044d3e6c41b"
  integrity sha512-mCxBlsHFYh9C+HVpiEacem8FEBnMXgU9gy4zmNC+SXAZNB/1idgp/aulFJ4FgCi7GPEVbfyng092GqL2k2rmow==

csv-parser@^3.0.0:
  version "3.0.0"
  resolved "https://registry.yarnpkg.com/csv-parser/-/csv-parser-3.0.0.tgz#b88a6256d79e090a97a1b56451f9327b01d710e7"
  integrity sha512-s6OYSXAK3IdKqYO33y09jhypG/bSDHPuyCme/IdEHfWpLf/jKcpitVFyOC6UemgGk8v7Q5u2XE0vvwmanxhGlQ==
  dependencies:
    minimist "^1.2.0"

custom-error-instance@2.1.1:
  version "2.1.1"
  resolved "https://registry.yarnpkg.com/custom-error-instance/-/custom-error-instance-2.1.1.tgz#3cf6391487a6629a6247eb0ca0ce00081b7e361a"
  integrity sha512-p6JFxJc3M4OTD2li2qaHkDCw9SfMw82Ldr6OC9Je1aXiGfhx2W8p3GaoeaGrPJTUN9NirTM/KTxHWMUdR1rsUg==

data-uri-to-buffer@^4.0.0:
  version "4.0.1"
  resolved "https://registry.yarnpkg.com/data-uri-to-buffer/-/data-uri-to-buffer-4.0.1.tgz#d8feb2b2881e6a4f58c2e08acfd0e2834e26222e"
  integrity sha512-0R9ikRb668HB7QDxT1vkpuUBtqc53YyAwMwGeUFKRojY/NWKvdZ+9UYtRfGmhqNbRkTSVpMbmyhXipFFv2cb/A==

debug@^4.3.4:
  version "4.3.5"
  resolved "https://registry.yarnpkg.com/debug/-/debug-4.3.5.tgz#e83444eceb9fedd4a1da56d671ae2446a01a6e1e"
  integrity sha512-pt0bNEmneDIvdL1Xsd9oDQ/wrQRkXDT4AUWlNZNPKvW5x/jyO9VFXkJUP07vQ2upmw5PlaITaPKc31jK13V+jg==
  dependencies:
    ms "2.1.2"

decode-uri-component@^0.4.1:
  version "0.4.1"
  resolved "https://registry.yarnpkg.com/decode-uri-component/-/decode-uri-component-0.4.1.tgz#2ac4859663c704be22bf7db760a1494a49ab2cc5"
  integrity sha512-+8VxcR21HhTy8nOt6jf20w0c9CADrw1O8d+VZ/YzzCt4bJ3uBjw+D1q2osAB8RnpwwaeYBxy0HyKQxD5JBMuuQ==

deepdash@^5.3.9:
  version "5.3.9"
  resolved "https://registry.yarnpkg.com/deepdash/-/deepdash-5.3.9.tgz#2aa92570d7b1787ed281e2fafe0be24df00ddfe4"
  integrity sha512-GRzJ0q9PDj2T+J2fX+b+TlUa2NlZ11l6vJ8LHNKVGeZ8CfxCuJaCychTq07iDRTvlfO8435jlvVS1QXBrW9kMg==
  dependencies:
    lodash "^4.17.21"
    lodash-es "^4.17.21"

define-data-property@^1.0.1:
  version "1.1.4"
  resolved "https://registry.yarnpkg.com/define-data-property/-/define-data-property-1.1.4.tgz#894dc141bb7d3060ae4366f6a0107e68fbe48c5e"
  integrity sha512-rBMvIzlpA8v6E+SJZoo++HAYqsLrkg7MSfIinMPFhmkorw7X+dOXVJQs+QT69zGkzMyfDnIMN2Wid1+NbL3T+A==
  dependencies:
    es-define-property "^1.0.0"
    es-errors "^1.3.0"
    gopd "^1.0.1"

define-properties@^1.2.1:
  version "1.2.1"
  resolved "https://registry.yarnpkg.com/define-properties/-/define-properties-1.2.1.tgz#10781cc616eb951a80a034bafcaa7377f6af2b6c"
  integrity sha512-8QmQKqEASLd5nx0U1B1okLElbUuuttJ/AnYmRXbbbGDWh6uS208EjD4Xqq/I9wK7u0v6O08XhTWnt5XtEbR6Dg==
  dependencies:
    define-data-property "^1.0.1"
    has-property-descriptors "^1.0.0"
    object-keys "^1.1.1"

delayed-stream@~1.0.0:
  version "1.0.0"
  resolved "https://registry.yarnpkg.com/delayed-stream/-/delayed-stream-1.0.0.tgz#df3ae199acadfb7d440aaae0b29e2272b24ec619"
  integrity sha512-ZySD7Nf91aLB0RxL4KGrKHBXl7Eds1DAmEdcoVawXnLD7SDhpNgtuII2aAkg7a7QS41jxPSZ17p4VdGnMHk3MQ==

detect-node@^2.0.4:
  version "2.1.0"
  resolved "https://registry.yarnpkg.com/detect-node/-/detect-node-2.1.0.tgz#c9c70775a49c3d03bc2c06d9a73be550f978f8b1"
  integrity sha512-T0NIuQpnTvFDATNuHN5roPwSBG83rFsuO+MXXH9/3N1eFbn4wcPjttvjMLEPWJ0RGUYgQE7cGgS3tNxbqCGM7g==

duplexify@^4.1.1:
  version "4.1.3"
  resolved "https://registry.yarnpkg.com/duplexify/-/duplexify-4.1.3.tgz#a07e1c0d0a2c001158563d32592ba58bddb0236f"
  integrity sha512-M3BmBhwJRZsSx38lZyhE53Csddgzl5R7xGJNk7CVddZD6CcmwMCH8J+7AprIrQKH7TonKxaCjcv27Qmf+sQ+oA==
  dependencies:
    end-of-stream "^1.4.1"
    inherits "^2.0.3"
    readable-stream "^3.1.1"
    stream-shift "^1.0.2"

end-of-stream@^1.1.0, end-of-stream@^1.4.1:
  version "1.4.4"
  resolved "https://registry.yarnpkg.com/end-of-stream/-/end-of-stream-1.4.4.tgz#5ae64a5f45057baf3626ec14da0ca5e4b2431eb0"
  integrity sha512-+uw1inIHVPQoaVuHzRyXd21icM+cnt4CzD5rW+NC1wjOUSTOs+Te7FOv7AhN7vS9x/oIyhLP5PR1H+phQAHu5Q==
  dependencies:
    once "^1.4.0"

es-define-property@^1.0.0:
  version "1.0.0"
  resolved "https://registry.yarnpkg.com/es-define-property/-/es-define-property-1.0.0.tgz#c7faefbdff8b2696cf5f46921edfb77cc4ba3845"
  integrity sha512-jxayLKShrEqqzJ0eumQbVhTYQM27CfT1T35+gCgDFoL82JLsXqTJ76zv6A0YLOgEnLUMvLzsDsGIrl8NFpT2gQ==
  dependencies:
    get-intrinsic "^1.2.4"

es-errors@^1.3.0:
  version "1.3.0"
  resolved "https://registry.yarnpkg.com/es-errors/-/es-errors-1.3.0.tgz#05f75a25dab98e4fb1dcd5e1472c0546d5057c8f"
  integrity sha512-Zf5H2Kxt2xjTvbJvP2ZWLEICxA6j+hAmMzIlypy4xcBg1vKVnx89Wy0GbS+kf5cwCVFFzdCFh2XSCFNULS6csw==

es6-error@^4.1.1:
  version "4.1.1"
  resolved "https://registry.yarnpkg.com/es6-error/-/es6-error-4.1.1.tgz#9e3af407459deed47e9a91f9b885a84eb05c561d"
  integrity sha512-Um/+FxMr9CISWh0bi5Zv0iOD+4cFh5qLeks1qhAopKVAJw3drgKbKySikp7wGhDL0HPeaja0P5ULZrxLkniUVg==

escape-string-regexp@^4.0.0:
  version "4.0.0"
  resolved "https://registry.yarnpkg.com/escape-string-regexp/-/escape-string-regexp-4.0.0.tgz#14ba83a5d373e3d311e5afca29cf5bfad965bf34"
  integrity sha512-TtpcNJ3XAzx3Gq8sWRzJaVajRs0uVxA2YAkdb1jm2YkPz4G6egUFAyA3n5vtEIZefPk5Wa4UXbKuS5fKkJWdgA==

event-target-shim@^5.0.0:
  version "5.0.1"
  resolved "https://registry.yarnpkg.com/event-target-shim/-/event-target-shim-5.0.1.tgz#5d4d3ebdf9583d63a5333ce2deb7480ab2b05789"
  integrity sha512-i/2XbnSz/uxRCU6+NdVJgKWDTM427+MqYbkQzD321DuCQJUqOuJKIA0IM2+W2xtYHdKOmZ4dR6fExsd4SXL+WQ==

events@^3.3.0:
  version "3.3.0"
  resolved "https://registry.yarnpkg.com/events/-/events-3.3.0.tgz#31a95ad0a924e2d2c419a813aeb2c4e878ea7400"
  integrity sha512-mQw+2fkQbALzQ7V0MY0IqdnXNOeTtP4r0lN9z7AAawCXgqea7bDii20AYrIBrFd/Hx0M2Ocz6S111CaFkUcb0Q==

fetch-blob@^3.1.2, fetch-blob@^3.1.4:
  version "3.2.0"
  resolved "https://registry.yarnpkg.com/fetch-blob/-/fetch-blob-3.2.0.tgz#f09b8d4bbd45adc6f0c20b7e787e793e309dcce9"
  integrity sha512-7yAQpD2UMJzLi1Dqv7qFYnPbaPx7ZfFK6PiIxQ4PfkGPyNyl2Ugx+a/umUonmKqjhM4DnfbMvdX6otXq83soQQ==
  dependencies:
    node-domexception "^1.0.0"
    web-streams-polyfill "^3.0.3"

filter-obj@^5.1.0:
  version "5.1.0"
  resolved "https://registry.yarnpkg.com/filter-obj/-/filter-obj-5.1.0.tgz#5bd89676000a713d7db2e197f660274428e524ed"
  integrity sha512-qWeTREPoT7I0bifpPUXtxkZJ1XJzxWtfoWWkdVGqa+eCr3SHW/Ocp89o8vLvbUuQnadybJpjOKu4V+RwO6sGng==

find-up@6.3.0:
  version "6.3.0"
  resolved "https://registry.yarnpkg.com/find-up/-/find-up-6.3.0.tgz#2abab3d3280b2dc7ac10199ef324c4e002c8c790"
  integrity sha512-v2ZsoEuVHYy8ZIlYqwPe/39Cy+cFDzp4dXPaxNvkEuouymu+2Jbz0PxpKarJHYJTmv2HWT3O382qY8l4jMWthw==
  dependencies:
    locate-path "^7.1.0"
    path-exists "^5.0.0"

form-data@^4.0.0:
  version "4.0.0"
  resolved "https://registry.yarnpkg.com/form-data/-/form-data-4.0.0.tgz#93919daeaf361ee529584b9b31664dc12c9fa452"
  integrity sha512-ETEklSGi5t0QMZuiXoA/Q6vcnxcLQP5vdugSpuAyi6SVGi2clPPp+xgEhuMaHC+zGgn31Kd235W35f7Hykkaww==
  dependencies:
    asynckit "^0.4.0"
    combined-stream "^1.0.8"
    mime-types "^2.1.12"

formdata-polyfill@^4.0.10:
  version "4.0.10"
  resolved "https://registry.yarnpkg.com/formdata-polyfill/-/formdata-polyfill-4.0.10.tgz#24807c31c9d402e002ab3d8c720144ceb8848423"
  integrity sha512-buewHzMvYL29jdeQTVILecSaZKnt/RJWjoZCF5OW60Z67/GmSLBkOFM7qh1PI3zFNtJbaZL5eQu1vLfazOwj4g==
  dependencies:
    fetch-blob "^3.1.2"

fs-extra@^11.2.0:
  version "11.2.0"
  resolved "https://registry.yarnpkg.com/fs-extra/-/fs-extra-11.2.0.tgz#e70e17dfad64232287d01929399e0ea7c86b0e5b"
  integrity sha512-PmDi3uwK5nFuXh7XDTlVnS17xJS7vW36is2+w3xcv8SVxiB4NyATf4ctkVY5bkSjX0Y4nbvZCq1/EjtEyr9ktw==
  dependencies:
    graceful-fs "^4.2.0"
    jsonfile "^6.0.1"
    universalify "^2.0.0"

function-bind@^1.1.2:
  version "1.1.2"
  resolved "https://registry.yarnpkg.com/function-bind/-/function-bind-1.1.2.tgz#2c02d864d97f3ea6c8830c464cbd11ab6eab7a1c"
  integrity sha512-7XHNxH7qX9xG5mIwxkhumTox/MIRNcOgDrxWsMt2pAr23WHp6MrRlN7FBSFpCpr+oVO0F744iUgR82nJMfG2SA==

get-intrinsic@^1.1.3, get-intrinsic@^1.2.4:
  version "1.2.4"
  resolved "https://registry.yarnpkg.com/get-intrinsic/-/get-intrinsic-1.2.4.tgz#e385f5a4b5227d449c3eabbad05494ef0abbeadd"
  integrity sha512-5uYhsJH8VJBTv7oslg4BznJYhDoRI6waYCxMmCdnTrcCrHA/fCFKoTFz2JKKE0HdDFUF7/oQuhzumXJK7paBRQ==
  dependencies:
    es-errors "^1.3.0"
    function-bind "^1.1.2"
    has-proto "^1.0.1"
    has-symbols "^1.0.3"
    hasown "^2.0.0"

global-agent@^3.0.0:
  version "3.0.0"
  resolved "https://registry.yarnpkg.com/global-agent/-/global-agent-3.0.0.tgz#ae7cd31bd3583b93c5a16437a1afe27cc33a1ab6"
  integrity sha512-PT6XReJ+D07JvGoxQMkT6qji/jVNfX/h364XHZOWeRzy64sSFr+xJ5OX7LI3b4MPQzdL4H8Y8M0xzPpsVMwA8Q==
  dependencies:
    boolean "^3.0.1"
    es6-error "^4.1.1"
    matcher "^3.0.0"
    roarr "^2.15.3"
    semver "^7.3.2"
    serialize-error "^7.0.1"

globalthis@^1.0.1:
  version "1.0.4"
  resolved "https://registry.yarnpkg.com/globalthis/-/globalthis-1.0.4.tgz#7430ed3a975d97bfb59bcce41f5cabbafa651236"
  integrity sha512-DpLKbNU4WylpxJykQujfCcwYWiV/Jhm50Goo0wrVILAv5jOr9d+H+UR3PhSCD2rCCEIg0uc+G+muBTwD54JhDQ==
  dependencies:
    define-properties "^1.2.1"
    gopd "^1.0.1"

gopd@^1.0.1:
  version "1.0.1"
  resolved "https://registry.yarnpkg.com/gopd/-/gopd-1.0.1.tgz#29ff76de69dac7489b7c0918a5788e56477c332c"
  integrity sha512-d65bNlIadxvpb/A2abVdlqKqV563juRnZ1Wtk6s1sIR8uNsXR70xqIzVqxVf1eTqDunwT2MkczEeaezCKTZhwA==
  dependencies:
    get-intrinsic "^1.1.3"

graceful-fs@^4.1.2, graceful-fs@^4.1.6, graceful-fs@^4.2.0:
  version "4.2.11"
  resolved "https://registry.yarnpkg.com/graceful-fs/-/graceful-fs-4.2.11.tgz#4183e4e8bf08bb6e05bbb2f7d2e0c8f712ca40e3"
  integrity sha512-RbJ5/jmFcNNCcDV5o9eTnBLJ/HszWV0P73bc+Ff4nS/rJj+YaS6IGyiOL0VoBYX+l1Wrl3k63h/KrH+nhJ0XvQ==

has-property-descriptors@^1.0.0:
  version "1.0.2"
  resolved "https://registry.yarnpkg.com/has-property-descriptors/-/has-property-descriptors-1.0.2.tgz#963ed7d071dc7bf5f084c5bfbe0d1b6222586854"
  integrity sha512-55JNKuIW+vq4Ke1BjOTjM2YctQIvCT7GFzHwmfZPGo5wnrgkid0YQtnAleFSqumZm4az3n2BS+erby5ipJdgrg==
  dependencies:
    es-define-property "^1.0.0"

has-proto@^1.0.1:
  version "1.0.3"
  resolved "https://registry.yarnpkg.com/has-proto/-/has-proto-1.0.3.tgz#b31ddfe9b0e6e9914536a6ab286426d0214f77fd"
  integrity sha512-SJ1amZAJUiZS+PhsVLf5tGydlaVB8EdFpaSO4gmiUKUOxk8qzn5AIy4ZeJUmh22znIdk/uMAUT2pl3FxzVUH+Q==

has-symbols@^1.0.3:
  version "1.0.3"
  resolved "https://registry.yarnpkg.com/has-symbols/-/has-symbols-1.0.3.tgz#bb7b2c4349251dce87b125f7bdf874aa7c8b39f8"
  integrity sha512-l3LCuF6MgDNwTDKkdYGEihYjt5pRPbEg46rtlmnSPlUbgmB8LOIrKJbYYFBSbnPaJexMKtiPO8hmeRjRz2Td+A==

hasown@^2.0.0:
  version "2.0.2"
  resolved "https://registry.yarnpkg.com/hasown/-/hasown-2.0.2.tgz#003eaf91be7adc372e84ec59dc37252cedb80003"
  integrity sha512-0hJU9SCPvmMzIBdZFqNPXWa6dqh7WdH0cII9y+CyS8rG3nL48Bclra9HmKhVVUHyPWNH5Y7xDwAB7bfgSjkUMQ==
  dependencies:
    function-bind "^1.1.2"

hpagent@^1.0.0:
  version "1.2.0"
  resolved "https://registry.yarnpkg.com/hpagent/-/hpagent-1.2.0.tgz#0ae417895430eb3770c03443456b8d90ca464903"
  integrity sha512-A91dYTeIB6NoXG+PxTQpCCDDnfHsW9kc06Lvpu1TEe9gnd6ZFeiBoRO9JvzEv6xK7EX97/dUE8g/vBMTqTS3CA==

http-status-codes@^2.3.0:
  version "2.3.0"
  resolved "https://registry.yarnpkg.com/http-status-codes/-/http-status-codes-2.3.0.tgz#987fefb28c69f92a43aecc77feec2866349a8bfc"
  integrity sha512-RJ8XvFvpPM/Dmc5SV+dC4y5PCeOhT3x1Hq0NU3rjGeg5a/CqlhZ7uudknPwZFz4aeAXDcbAyaeP7GAo9lvngtA==

ieee754@^1.2.1:
  version "1.2.1"
  resolved "https://registry.yarnpkg.com/ieee754/-/ieee754-1.2.1.tgz#8eb7a10a63fff25d15a57b001586d177d1b0d352"
  integrity sha512-dcyqhDvX1C46lXZcVqCpK+FtMRQVdIMN6/Df5js2zouUsqG7I6sFxitIC+7KYK29KdXOLHdu9zL4sFnoVQnqaA==

inherits@^2.0.3:
  version "2.0.4"
  resolved "https://registry.yarnpkg.com/inherits/-/inherits-2.0.4.tgz#0fa2c64f932917c3433a0ded55363aae37416b7c"
  integrity sha512-k/vGaX4/Yla3WzyMCvTQOXYeIHvqOKtnqBduzTHpzpQZzAskKMhZ2K+EnBiSM9zGSoIFeMpXKxa4dYeZIQqewQ==

is-buffer@~1.1.6:
  version "1.1.6"
  resolved "https://registry.yarnpkg.com/is-buffer/-/is-buffer-1.1.6.tgz#efaa2ea9daa0d7ab2ea13a97b2b8ad51fefbe8be"
  integrity sha512-NcdALwpXkTm5Zvvbk7owOUSvVvBKDgKP5/ewfXEznmQFfs4ZRmanOeKBTjRVjka3QFoN6XJ+9F3USqfHqTaU5w==

is-stream@^2.0.0:
  version "2.0.1"
  resolved "https://registry.yarnpkg.com/is-stream/-/is-stream-2.0.1.tgz#fac1e3d53b97ad5a9d0ae9cef2389f5810a5c077"
  integrity sha512-hFoiJiTl63nn+kstHGBtewWSKnQLpyb155KHheA1l39uvtO9nWIop1p3udqPcUd/xbF1VLMO4n7OI6p7RbngDg==

js-base64@^2.6.1:
  version "2.6.4"
  resolved "https://registry.yarnpkg.com/js-base64/-/js-base64-2.6.4.tgz#f4e686c5de1ea1f867dbcad3d46d969428df98c4"
  integrity sha512-pZe//GGmwJndub7ZghVHz7vjb2LgC1m8B07Au3eYqeqv9emhESByMXxaEgkUkEqJe87oBbSniGYoQNIBklc7IQ==

json-stringify-safe@^5.0.1:
  version "5.0.1"
  resolved "https://registry.yarnpkg.com/json-stringify-safe/-/json-stringify-safe-5.0.1.tgz#1296a2d58fd45f19a0f6ce01d65701e2c735b6eb"
  integrity sha512-ZClg6AaYvamvYEE82d3Iyd3vSSIjQ+odgjaTzRuO3s7toCdFKczob2i0zCh7JE8kWn17yvAWhUVxvqGwUalsRA==

jsonfile@^6.0.1:
  version "6.1.0"
  resolved "https://registry.yarnpkg.com/jsonfile/-/jsonfile-6.1.0.tgz#bc55b2634793c679ec6403094eb13698a6ec0aae"
  integrity sha512-5dgndWOriYSm5cnYaJNhalLNDKOqFwyDB/rr1E9ZsGciGvKPs8R2xYGCacuf3z6K1YKDz182fd+fY3cn3pMqXQ==
  dependencies:
    universalify "^2.0.0"
  optionalDependencies:
    graceful-fs "^4.1.6"

jsonld@^8.3.2:
  version "8.3.2"
  resolved "https://registry.yarnpkg.com/jsonld/-/jsonld-8.3.2.tgz#7033f8994aed346b536e9046025f7f1fe9669934"
  integrity sha512-MwBbq95szLwt8eVQ1Bcfwmgju/Y5P2GdtlHE2ncyfuYjIdEhluUVyj1eudacf1mOkWIoS9GpDBTECqhmq7EOaA==
  dependencies:
    "@digitalbazaar/http-client" "^3.4.1"
    canonicalize "^1.0.1"
    lru-cache "^6.0.0"
    rdf-canonize "^3.4.0"

jwt-decode@^4.0.0:
  version "4.0.0"
  resolved "https://registry.yarnpkg.com/jwt-decode/-/jwt-decode-4.0.0.tgz#2270352425fd413785b2faf11f6e755c5151bd4b"
  integrity sha512-+KJGIyHgkGuIq3IEBNftfhW/LfWhXUIY6OmyVWjliu5KH1y0fw7VQ8YndE2O4qZdMSd9SqbnC8GOcZEy0Om7sA==

ky-universal@^0.11.0:
  version "0.11.0"
  resolved "https://registry.yarnpkg.com/ky-universal/-/ky-universal-0.11.0.tgz#f5edf857865aaaea416a1968222148ad7d9e4017"
  integrity sha512-65KyweaWvk+uKKkCrfAf+xqN2/epw1IJDtlyCPxYffFCMR8u1sp2U65NtWpnozYfZxQ6IUzIlvUcw+hQ82U2Xw==
  dependencies:
    abort-controller "^3.0.0"
    node-fetch "^3.2.10"

ky@^0.33.3:
  version "0.33.3"
  resolved "https://registry.yarnpkg.com/ky/-/ky-0.33.3.tgz#bf1ad322a3f2c3428c13cfa4b3af95e6c4a2f543"
  integrity sha512-CasD9OCEQSFIam2U8efFK81Yeg8vNMTBUqtMOHlrcWQHqUX3HeCl9Dr31u4toV7emlH8Mymk5+9p0lL6mKb/Xw==

locate-path@^7.1.0:
  version "7.2.0"
  resolved "https://registry.yarnpkg.com/locate-path/-/locate-path-7.2.0.tgz#69cb1779bd90b35ab1e771e1f2f89a202c2a8a8a"
  integrity sha512-gvVijfZvn7R+2qyPX8mAuKcFGDf6Nc61GdvGafQsHL0sBIxfKzA+usWn4GFC/bk+QdwPUD4kWFJLhElipq+0VA==
  dependencies:
    p-locate "^6.0.0"

lodash-es@^4.17.21:
  version "4.17.21"
  resolved "https://registry.yarnpkg.com/lodash-es/-/lodash-es-4.17.21.tgz#43e626c46e6591b7750beb2b50117390c609e3ee"
  integrity sha512-mKnC+QJ9pWVzv+C4/U3rRsHapFfHvQFoFB92e52xeyGMcX6/OlIl78je1u8vePzYZSkkogMPJ2yjxxsb89cxyw==

lodash._baseiteratee@~4.7.0:
  version "4.7.0"
  resolved "https://registry.yarnpkg.com/lodash._baseiteratee/-/lodash._baseiteratee-4.7.0.tgz#34a9b5543572727c3db2e78edae3c0e9e66bd102"
  integrity sha512-nqB9M+wITz0BX/Q2xg6fQ8mLkyfF7MU7eE+MNBNjTHFKeKaZAPEzEg+E8LWxKWf1DQVflNEn9N49yAuqKh2mWQ==
  dependencies:
    lodash._stringtopath "~4.8.0"

lodash._basetostring@~4.12.0:
  version "4.12.0"
  resolved "https://registry.yarnpkg.com/lodash._basetostring/-/lodash._basetostring-4.12.0.tgz#9327c9dc5158866b7fa4b9d42f4638e5766dd9df"
  integrity sha512-SwcRIbyxnN6CFEEK4K1y+zuApvWdpQdBHM/swxP962s8HIxPO3alBH5t3m/dl+f4CMUug6sJb7Pww8d13/9WSw==

lodash._baseuniq@~4.6.0:
  version "4.6.0"
  resolved "https://registry.yarnpkg.com/lodash._baseuniq/-/lodash._baseuniq-4.6.0.tgz#0ebb44e456814af7905c6212fa2c9b2d51b841e8"
  integrity sha512-Ja1YevpHZctlI5beLA7oc5KNDhGcPixFhcqSiORHNsp/1QTv7amAXzw+gu4YOvErqVlMVyIJGgtzeepCnnur0A==
  dependencies:
    lodash._createset "~4.0.0"
    lodash._root "~3.0.0"

lodash._createset@~4.0.0:
  version "4.0.3"
  resolved "https://registry.yarnpkg.com/lodash._createset/-/lodash._createset-4.0.3.tgz#0f4659fbb09d75194fa9e2b88a6644d363c9fe26"
  integrity sha512-GTkC6YMprrJZCYU3zcqZj+jkXkrXzq3IPBcF/fIPpNEAB4hZEtXU8zp/RwKOvZl43NUmwDbyRk3+ZTbeRdEBXA==

lodash._root@~3.0.0:
  version "3.0.1"
  resolved "https://registry.yarnpkg.com/lodash._root/-/lodash._root-3.0.1.tgz#fba1c4524c19ee9a5f8136b4609f017cf4ded692"
  integrity sha512-O0pWuFSK6x4EXhM1dhZ8gchNtG7JMqBtrHdoUFUWXD7dJnNSUze1GuyQr5sOs0aCvgGeI3o/OJW8f4ca7FDxmQ==

lodash._stringtopath@~4.8.0:
  version "4.8.0"
  resolved "https://registry.yarnpkg.com/lodash._stringtopath/-/lodash._stringtopath-4.8.0.tgz#941bcf0e64266e5fc1d66fed0a6959544c576824"
  integrity sha512-SXL66C731p0xPDC5LZg4wI5H+dJo/EO4KTqOMwLYCH3+FmmfAKJEZCm6ohGpI+T1xwsDsJCfL4OnhorllvlTPQ==
  dependencies:
    lodash._basetostring "~4.12.0"

lodash.throttle@^4.1.1:
  version "4.1.1"
  resolved "https://registry.yarnpkg.com/lodash.throttle/-/lodash.throttle-4.1.1.tgz#c23e91b710242ac70c37f1e1cda9274cc39bf2f4"
  integrity sha512-wIkUCfVKpVsWo3JSZlc+8MB5it+2AN5W8J7YVMST30UrvcQNZ1Okbj+rbVniijTWE6FGYy4XJq/rHkas8qJMLQ==

lodash.uniqby@4.5.0:
  version "4.5.0"
  resolved "https://registry.yarnpkg.com/lodash.uniqby/-/lodash.uniqby-4.5.0.tgz#a3a17bbf62eeb6240f491846e97c1c4e2a5e1e21"
  integrity sha512-IRt7cfTtHy6f1aRVA5n7kT8rgN3N1nH6MOWLcHfpWG2SH19E3JksLK38MktLxZDhlAjCP9jpIXkOnRXlu6oByQ==
  dependencies:
    lodash._baseiteratee "~4.7.0"
    lodash._baseuniq "~4.6.0"

lodash@^4.17.21:
  version "4.17.21"
  resolved "https://registry.yarnpkg.com/lodash/-/lodash-4.17.21.tgz#679591c564c3bffaae8454cf0b3df370c3d6911c"
  integrity sha512-v2kDEe57lecTulaDIuNTPy3Ry4gLGJ6Z1O3vE1krgXZNrsQ+LFTGHVxVjcXPs17LhbZVGedAJv8XZ1tvj5FvSg==

lpad@^3.0.0:
  version "3.0.0"
  resolved "https://registry.yarnpkg.com/lpad/-/lpad-3.0.0.tgz#d100262a970106a9c3679c6508535856c327abb7"
  integrity sha512-ulUfEpEhubXMdOSH+l4/aZssH8EKmGaGmJ4b6sBj2PnEcPxWhWraV0vXZR8OOdoZmn1BS7s4/Xt5YW4Xn0ktPA==
  dependencies:
    split-lines "^3.0.0"

lru-cache@^6.0.0:
  version "6.0.0"
  resolved "https://registry.yarnpkg.com/lru-cache/-/lru-cache-6.0.0.tgz#6d6fe6570ebd96aaf90fcad1dafa3b2566db3a94"
  integrity sha512-Jo6dJ04CmSjuznwJSS3pUeWmd/H0ffTlkXXgwZi+eq1UCmqQwCh+eLsYOYCwY991i2Fah4h1BEMCx4qThGbsiA==
  dependencies:
    yallist "^4.0.0"

matcher@^3.0.0:
  version "3.0.0"
  resolved "https://registry.yarnpkg.com/matcher/-/matcher-3.0.0.tgz#bd9060f4c5b70aa8041ccc6f80368760994f30ca"
  integrity sha512-OkeDaAZ/bQCxeFAozM55PKcKU0yJMPGifLwV4Qgjitu+5MoAfSQN4lsLJeXZ1b8w0x+/Emda6MZgXS1jvsapng==
  dependencies:
    escape-string-regexp "^4.0.0"

md5@^2.3.0:
  version "2.3.0"
  resolved "https://registry.yarnpkg.com/md5/-/md5-2.3.0.tgz#c3da9a6aae3a30b46b7b0c349b87b110dc3bda4f"
  integrity sha512-T1GITYmFaKuO91vxyoQMFETst+O71VUPEU3ze5GNzDm0OWdP8v1ziTaAEPUr/3kLsY3Sftgz242A1SetQiDL7g==
  dependencies:
    charenc "0.0.2"
    crypt "0.0.2"
    is-buffer "~1.1.6"

mime-db@1.52.0:
  version "1.52.0"
  resolved "https://registry.yarnpkg.com/mime-db/-/mime-db-1.52.0.tgz#bbabcdc02859f4987301c856e3387ce5ec43bf70"
  integrity sha512-sPU4uV7dYlvtWJxwwxHD0PuihVNiE7TyAbQ5SWxDCB9mUYvOgroQOwYQQOKPJ8CIbE+1ETVlOoK1UC2nU3gYvg==

mime-types@^2.1.12:
  version "2.1.35"
  resolved "https://registry.yarnpkg.com/mime-types/-/mime-types-2.1.35.tgz#381a871b62a734450660ae3deee44813f70d959a"
  integrity sha512-ZDY+bPm5zTTF+YpCrAU9nK0UgICYPT0QtT1NZWFv4s++TNkcgVaT0g6+4R2uI4MjQjzysHB1zxuWL50hzaeXiw==
  dependencies:
    mime-db "1.52.0"

minimist@^1.2.0:
  version "1.2.8"
  resolved "https://registry.yarnpkg.com/minimist/-/minimist-1.2.8.tgz#c1a464e7693302e082a075cee0c057741ac4772c"
  integrity sha512-2yyAR8qBkN3YuheJanUpWC5U3bb5osDywNB8RzDVlDwDHbocAJveqqj1u8+SVD7jkWT4yvsHCpWqqWqAxb0zCA==

ms@2.1.2:
  version "2.1.2"
  resolved "https://registry.yarnpkg.com/ms/-/ms-2.1.2.tgz#d09d1f357b443f493382a8eb3ccd183872ae6009"
  integrity sha512-sGkPx+VjMtmA6MX27oA4FBFELFCZZ4S4XqeGOXCv68tT+jb3vk/RyaKWP0PTKyWtmLSM0b+adUTEvbs1PEaH2w==

ms@^2.1.3:
  version "2.1.3"
  resolved "https://registry.yarnpkg.com/ms/-/ms-2.1.3.tgz#574c8138ce1d2b5861f0b44579dbadd60c6615b2"
  integrity sha512-6FlzubTLZG3J2a/NVCAleEhjzq5oxgHyaCU9yYXvcLsvoVaHJq/s5xXI6/XXP6tz7R9xAOtHnSO/tXtF3WRTlA==

n3@^1.17.3, n3@^1.17.4:
  version "1.17.4"
  resolved "https://registry.yarnpkg.com/n3/-/n3-1.17.4.tgz#4eea7ec0b8ac9e4a61183e5cf8ea8a99f5b71d37"
  integrity sha512-G5RR9PKLJXQU1uDJ2cZq+zp23V5XruqWhAGlCpF2/8kLiPbqEKOXDXgOLuoMqFwdxO/oBE2h4KNGQUp0aQ0OLA==
  dependencies:
    buffer "^6.0.3"
    queue-microtask "^1.1.2"
    readable-stream "^4.0.0"

node-domexception@^1.0.0:
  version "1.0.0"
  resolved "https://registry.yarnpkg.com/node-domexception/-/node-domexception-1.0.0.tgz#6888db46a1f71c0b76b3f7555016b63fe64766e5"
  integrity sha512-/jKZoMpw0F8GRwl4/eLROPA3cfcXtLApP0QzLmUT/HuPCZWyB7IY9ZrMeKw2O/nFIqPQB3PVM9aYm0F312AXDQ==

node-fetch@^2.6.12:
  version "2.7.0"
  resolved "https://registry.yarnpkg.com/node-fetch/-/node-fetch-2.7.0.tgz#d0f0fa6e3e2dc1d27efcd8ad99d550bda94d187d"
  integrity sha512-c4FRfUm/dbcWZ7U+1Wq0AwCyFL+3nt2bEw05wfxSz+DWpWsitgmSgYmy2dQdWyKC1694ELPqMs/YzUSNozLt8A==
  dependencies:
    whatwg-url "^5.0.0"

node-fetch@^3.2.10:
  version "3.3.2"
  resolved "https://registry.yarnpkg.com/node-fetch/-/node-fetch-3.3.2.tgz#d1e889bacdf733b4ff3b2b243eb7a12866a0b78b"
  integrity sha512-dRB78srN/l6gqWulah9SrxeYnxeddIG30+GOqK/9OlLVyLg3HPnr6SqOWTWOXKRwC2eGYCkZ59NNuSgvSrpgOA==
  dependencies:
    data-uri-to-buffer "^4.0.0"
    fetch-blob "^3.1.4"
    formdata-polyfill "^4.0.10"

numeral@^2.0.6:
  version "2.0.6"
  resolved "https://registry.yarnpkg.com/numeral/-/numeral-2.0.6.tgz#4ad080936d443c2561aed9f2197efffe25f4e506"
  integrity sha512-qaKRmtYPZ5qdw4jWJD6bxEf1FJEqllJrwxCLIm0sQU/A7v2/czigzOb+C2uSiFsa9lBUzeH7M1oK+Q+OLxL3kA==

object-keys@^1.1.1:
  version "1.1.1"
  resolved "https://registry.yarnpkg.com/object-keys/-/object-keys-1.1.1.tgz#1c47f272df277f3b1daf061677d9c82e2322c60e"
  integrity sha512-NuAESUOUMrlIXOfHKzD6bpPu3tYt3xvjNdRIQ+FeT0lNb4K8WR70CaDxhuNguS2XG+GjkyMwOzsN5ZktImfhLA==

once@^1.3.1, once@^1.4.0:
  version "1.4.0"
  resolved "https://registry.yarnpkg.com/once/-/once-1.4.0.tgz#583b1aa775961d4b113ac17d9c50baef9dd76bd1"
  integrity sha512-lNaJgI+2Q5URQBkccEKHTQOPaXdUxnZZElQTZY0MFUAuaEqe1E+Nyvgdz/aIyNi6Z9MzO5dv1H8n58/GELp3+w==
  dependencies:
    wrappy "1"

p-limit@^4.0.0:
  version "4.0.0"
  resolved "https://registry.yarnpkg.com/p-limit/-/p-limit-4.0.0.tgz#914af6544ed32bfa54670b061cafcbd04984b644"
  integrity sha512-5b0R4txpzjPWVw/cXXUResoD4hb6U/x9BH08L7nw+GN1sezDzPdxeRvpc9c433fZhBan/wusjbCsqwqm4EIBIQ==
  dependencies:
    yocto-queue "^1.0.0"

p-locate@^6.0.0:
  version "6.0.0"
  resolved "https://registry.yarnpkg.com/p-locate/-/p-locate-6.0.0.tgz#3da9a49d4934b901089dca3302fa65dc5a05c04f"
  integrity sha512-wPrq66Llhl7/4AGC6I+cqxT07LhXvWL08LNXz1fENOw0Ap4sRZZ/gZpTTJ5jpurzzzfS2W/Ge9BY3LgLjCShcw==
  dependencies:
    p-limit "^4.0.0"

parse-link-header@^2.0.0:
  version "2.0.0"
  resolved "https://registry.yarnpkg.com/parse-link-header/-/parse-link-header-2.0.0.tgz#949353e284f8aa01f2ac857a98f692b57733f6b7"
  integrity sha512-xjU87V0VyHZybn2RrCX5TIFGxTVZE6zqqZWMPlIKiSKuWh/X5WZdt+w1Ki1nXB+8L/KtL+nZ4iq+sfI6MrhhMw==
  dependencies:
    xtend "~4.0.1"

path-exists@^5.0.0:
  version "5.0.0"
  resolved "https://registry.yarnpkg.com/path-exists/-/path-exists-5.0.0.tgz#a6aad9489200b21fab31e49cf09277e5116fb9e7"
  integrity sha512-RjhtfwJOxzcFmNOi6ltcbcu4Iu+FL3zEj83dk4kAS+fVpTxXLO1b38RvJgT/0QwvV/L3aY9TAnyv0EOqW4GoMQ==

process@^0.11.10:
  version "0.11.10"
  resolved "https://registry.yarnpkg.com/process/-/process-0.11.10.tgz#7332300e840161bda3e69a1d1d91a7d4bc16f182"
  integrity sha512-cdGef/drWFoydD1JsMzuFf8100nZl+GT+yacc2bEced5f9Rjk4z+WtFUTBu9PhOi9j/jfmBPu0mMEY4wIdAF8A==

proper-lockfile@^2.0.1:
  version "2.0.1"
  resolved "https://registry.yarnpkg.com/proper-lockfile/-/proper-lockfile-2.0.1.tgz#159fb06193d32003f4b3691dd2ec1a634aa80d1d"
  integrity sha512-rjaeGbsmhNDcDInmwi4MuI6mRwJu6zq8GjYCLuSuE7GF+4UjgzkL69sVKKJ2T2xH61kK7rXvGYpvaTu909oXaQ==
  dependencies:
    graceful-fs "^4.1.2"
    retry "^0.10.0"

pump@^3.0.0:
  version "3.0.0"
  resolved "https://registry.yarnpkg.com/pump/-/pump-3.0.0.tgz#b4a2116815bde2f4e1ea602354e8c75565107a64"
  integrity sha512-LwZy+p3SFs1Pytd/jYct4wpv49HiYCqd9Rlc5ZVdk0V+8Yzv6jR5Blk3TRmPL1ft69TxP0IMZGJ+WPFU2BFhww==
  dependencies:
    end-of-stream "^1.1.0"
    once "^1.3.1"

pumpify@^2.0.1:
  version "2.0.1"
  resolved "https://registry.yarnpkg.com/pumpify/-/pumpify-2.0.1.tgz#abfc7b5a621307c728b551decbbefb51f0e4aa1e"
  integrity sha512-m7KOje7jZxrmutanlkS1daj1dS6z6BgslzOXmcSEpIlCxM3VJH7lG5QLeck/6hgF6F4crFf01UtQmNsJfweTAw==
  dependencies:
    duplexify "^4.1.1"
    inherits "^2.0.3"
    pump "^3.0.0"

query-string@^9.0.0:
  version "9.1.0"
  resolved "https://registry.yarnpkg.com/query-string/-/query-string-9.1.0.tgz#5f12a4653a4ba56021e113b5cf58e56581823e7a"
  integrity sha512-t6dqMECpCkqfyv2FfwVS1xcB6lgXW/0XZSaKdsCNGYkqMO76AFiJEg4vINzoDKcZa6MS7JX+OHIjwh06K5vczw==
  dependencies:
    decode-uri-component "^0.4.1"
    filter-obj "^5.1.0"
    split-on-first "^3.0.0"

querystringify@^2.1.1:
  version "2.2.0"
  resolved "https://registry.yarnpkg.com/querystringify/-/querystringify-2.2.0.tgz#3345941b4153cb9d082d8eee4cda2016a9aef7f6"
  integrity sha512-FIqgj2EUvTa7R50u0rGsyTftzjYmv/a3hO345bZNrqabNqjtgiDMgmo4mkUjd+nzU5oF3dClKqFIPUKybUyqoQ==

queue-microtask@^1.1.2:
  version "1.2.3"
  resolved "https://registry.yarnpkg.com/queue-microtask/-/queue-microtask-1.2.3.tgz#4929228bbc724dfac43e0efb058caf7b6cfb6243"
  integrity sha512-NuaNSa6flKT5JaSYQzJok04JzTL1CA6aGhv5rfLW3PgqA+M2ChpZQnAC8h8i4ZFkBS8X5RqkDBHA7r4hej3K9A==

rdf-canonize@^3.4.0:
  version "3.4.0"
  resolved "https://registry.yarnpkg.com/rdf-canonize/-/rdf-canonize-3.4.0.tgz#87f88342b173cc371d812a07de350f0c1aa9f058"
  integrity sha512-fUeWjrkOO0t1rg7B2fdyDTvngj+9RlUyL92vOdiB7c0FPguWVsniIMjEtHH+meLBO9rzkUlUzBVXgWrjI8P9LA==
  dependencies:
    setimmediate "^1.0.5"

rdf-data-factory@^1.1.0, rdf-data-factory@^1.1.2:
  version "1.1.2"
  resolved "https://registry.yarnpkg.com/rdf-data-factory/-/rdf-data-factory-1.1.2.tgz#d47550d2649d0d64f8cae3fcc9efae7a8a895d9a"
  integrity sha512-TfQD63Lokabd09ES1jAtKK8AA6rkr9rwyUBGo6olOt1CE0Um36CUQIqytyf0am2ouBPR0l7SaHxCiMcPGHkt1A==
  dependencies:
    "@rdfjs/types" "*"

rdf-string@^1.6.3:
  version "1.6.3"
  resolved "https://registry.yarnpkg.com/rdf-string/-/rdf-string-1.6.3.tgz#5c3173fad13e6328698277fb8ff151e3423282ab"
  integrity sha512-HIVwQ2gOqf+ObsCLSUAGFZMIl3rh9uGcRf1KbM85UDhKqP+hy6qj7Vz8FKt3GA54RiThqK3mNcr66dm1LP0+6g==
  dependencies:
    "@rdfjs/types" "*"
    rdf-data-factory "^1.1.0"

readable-stream@3, readable-stream@^3.1.1:
  version "3.6.2"
  resolved "https://registry.yarnpkg.com/readable-stream/-/readable-stream-3.6.2.tgz#56a9b36ea965c00c5a93ef31eb111a0f11056967"
  integrity sha512-9u/sniCrY3D5WdsERHzHE4G2YCXqoG5FTHUiCC4SIbr6XcLZBY05ya9EKjYek9O5xOAwjGq+1JdGBAS7Q9ScoA==
  dependencies:
    inherits "^2.0.3"
    string_decoder "^1.1.1"
    util-deprecate "^1.0.1"

readable-stream@^4.0.0:
  version "4.5.2"
  resolved "https://registry.yarnpkg.com/readable-stream/-/readable-stream-4.5.2.tgz#9e7fc4c45099baeed934bff6eb97ba6cf2729e09"
  integrity sha512-yjavECdqeZ3GLXNgRXgeQEdz9fvDDkNKyHnbHRFtOr7/LcfgBcmct7t/ET+HaCTqfh06OzoAxrkN/IfjJBVe+g==
  dependencies:
    abort-controller "^3.0.0"
    buffer "^6.0.3"
    events "^3.3.0"
    process "^0.11.10"
    string_decoder "^1.3.0"

requires-port@^1.0.0:
  version "1.0.0"
  resolved "https://registry.yarnpkg.com/requires-port/-/requires-port-1.0.0.tgz#925d2601d39ac485e091cf0da5c6e694dc3dcaff"
  integrity sha512-KigOCHcocU3XODJxsu8i/j8T9tzT4adHiecwORRQ0ZZFcp7ahwXuRU1m+yuO90C5ZUyGeGfocHDI14M3L3yDAQ==

retry@^0.10.0:
  version "0.10.1"
  resolved "https://registry.yarnpkg.com/retry/-/retry-0.10.1.tgz#e76388d217992c252750241d3d3956fed98d8ff4"
  integrity sha512-ZXUSQYTHdl3uS7IuCehYfMzKyIDBNoAuUblvy5oGO5UJSUTmStUUVPXbA9Qxd173Bgre53yCQczQuHgRWAdvJQ==

roarr@^2.15.3:
  version "2.15.4"
  resolved "https://registry.yarnpkg.com/roarr/-/roarr-2.15.4.tgz#f5fe795b7b838ccfe35dc608e0282b9eba2e7afd"
  integrity sha512-CHhPh+UNHD2GTXNYhPWLnU8ONHdI+5DI+4EYIAOaiD63rHeYlZvyh8P+in5999TTSFgUYuKUAjzRI4mdh/p+2A==
  dependencies:
    boolean "^3.0.1"
    detect-node "^2.0.4"
    globalthis "^1.0.1"
    json-stringify-safe "^5.0.1"
    semver-compare "^1.0.0"
    sprintf-js "^1.1.2"

safe-buffer@~5.2.0:
  version "5.2.1"
  resolved "https://registry.yarnpkg.com/safe-buffer/-/safe-buffer-5.2.1.tgz#1eaf9fa9bdb1fdd4ec75f58f9cdb4e6b7827eec6"
  integrity sha512-rp3So07KcdmmKbGvgaNxQSJr7bGVSVk5S9Eq1F+ppbRo70+YeaDxkw5Dd8NPN+GD6bjnYm2VuPuCXmpuYvmCXQ==

secure-json-parse@^2.4.0:
  version "2.7.0"
  resolved "https://registry.yarnpkg.com/secure-json-parse/-/secure-json-parse-2.7.0.tgz#5a5f9cd6ae47df23dba3151edd06855d47e09862"
  integrity sha512-6aU+Rwsezw7VR8/nyvKTx8QpWH9FrcYiXXlqC4z5d5XQBDRqtbfsRjnwGyqbi3gddNtWHuEk9OANUotL26qKUw==

semver-compare@^1.0.0:
  version "1.0.0"
  resolved "https://registry.yarnpkg.com/semver-compare/-/semver-compare-1.0.0.tgz#0dee216a1c941ab37e9efb1788f6afc5ff5537fc"
  integrity sha512-YM3/ITh2MJ5MtzaM429anh+x2jiLVjqILF4m4oyQB18W7Ggea7BfqdH/wGMK7dDiMghv/6WG7znWMwUDzJiXow==

semver@^7.3.2, semver@^7.6.2:
  version "7.6.3"
  resolved "https://registry.yarnpkg.com/semver/-/semver-7.6.3.tgz#980f7b5550bc175fb4dc09403085627f9eb33143"
  integrity sha512-oVekP1cKtI+CTDvHWYFUcMtsK/00wmAEfyqKfNdARm8u1wNVhSgaX7A8d4UuIlUI5e84iEwOhs7ZPYRmzU9U6A==

serialize-error@^7.0.1:
  version "7.0.1"
  resolved "https://registry.yarnpkg.com/serialize-error/-/serialize-error-7.0.1.tgz#f1360b0447f61ffb483ec4157c737fab7d778e18"
  integrity sha512-8I8TjW5KMOKsZQTvoxjuSIa7foAwPWGOts+6o7sgjz41/qMD9VQHEDxi6PBvK2l0MXUmqZyNpUK+T2tQaaElvw==
  dependencies:
    type-fest "^0.13.1"

setimmediate@^1.0.5:
  version "1.0.5"
  resolved "https://registry.yarnpkg.com/setimmediate/-/setimmediate-1.0.5.tgz#290cbb232e306942d7d7ea9b83732ab7856f8285"
  integrity sha512-MATJdZp8sLqDl/68LfQmbP8zKPLQNV6BIZoIgrscFDQ+RsvK/BxeDQOgyxKKoh0y/8h3BqVFnCqQ/gd+reiIXA==

source-map-support@^0.5.21:
  version "0.5.21"
  resolved "https://registry.yarnpkg.com/source-map-support/-/source-map-support-0.5.21.tgz#04fe7c7f9e1ed2d662233c28cb2b35b9f63f6e4f"
  integrity sha512-uBHU3L3czsIyYXKX88fdrGovxdSCoTGDRZ6SYXtSRxLZUzHg5P/66Ht6uoUlHu9EZod+inXhKo3qQgwXUT/y1w==
  dependencies:
    buffer-from "^1.0.0"
    source-map "^0.6.0"

source-map@^0.6.0:
  version "0.6.1"
  resolved "https://registry.yarnpkg.com/source-map/-/source-map-0.6.1.tgz#74722af32e9614e9c287a8d0bbde48b5e2f1a263"
  integrity sha512-UjgapumWlbMhkBgzT7Ykc5YXUT46F0iKu8SGXq0bcwP5dz/h0Plj6enJqjz1Zbq2l5WaqYnrVbwWOWMyF3F47g==

sparqljs@^3.7.1:
  version "3.7.1"
  resolved "https://registry.yarnpkg.com/sparqljs/-/sparqljs-3.7.1.tgz#5d121895d491d50214f2e38f2885a3a935b6c093"
  integrity sha512-I1jYMtcwDkgCEqQ4eQuQIhB8hFAlRAJ6YDXDcV54XztaJaYRFqJlidHt77S3j8Mfh6kY6GK04dXPEIopxbEeuQ==
  dependencies:
    rdf-data-factory "^1.1.2"

split-lines@^3.0.0:
  version "3.0.0"
  resolved "https://registry.yarnpkg.com/split-lines/-/split-lines-3.0.0.tgz#b7ce0d1a853ed73e1f6963c95e31d8f6e957ad69"
  integrity sha512-d0TpRBL/VfKDXsk8JxPF7zgF5pCUDdBMSlEL36xBgVeaX448t+yGXcJaikUyzkoKOJ0l6KpMfygzJU9naIuivw==

split-on-first@^3.0.0:
  version "3.0.0"
  resolved "https://registry.yarnpkg.com/split-on-first/-/split-on-first-3.0.0.tgz#f04959c9ea8101b9b0bbf35a61b9ebea784a23e7"
  integrity sha512-qxQJTx2ryR0Dw0ITYyekNQWpz6f8dGd7vffGNflQQ3Iqj9NJ6qiZ7ELpZsJ/QBhIVAiDfXdag3+Gp8RvWa62AA==

sprintf-js@^1.1.2:
  version "1.1.3"
  resolved "https://registry.yarnpkg.com/sprintf-js/-/sprintf-js-1.1.3.tgz#4914b903a2f8b685d17fdf78a70e917e872e444a"
  integrity sha512-Oo+0REFV59/rz3gfJNKQiBlwfHaSESl1pcGyABQsnnIfWOFt6JNj5gCog2U6MLZ//IGYD+nA8nI+mTShREReaA==

stream-shift@^1.0.2:
  version "1.0.3"
  resolved "https://registry.yarnpkg.com/stream-shift/-/stream-shift-1.0.3.tgz#85b8fab4d71010fc3ba8772e8046cc49b8a3864b"
  integrity sha512-76ORR0DO1o1hlKwTbi/DM3EXWGf3ZJYO8cXX5RJwnul2DEg2oyoZyjLNoQM8WsvZiFKCRfC1O0J7iCvie3RZmQ==

string_decoder@^1.1.1, string_decoder@^1.3.0:
  version "1.3.0"
  resolved "https://registry.yarnpkg.com/string_decoder/-/string_decoder-1.3.0.tgz#42f114594a46cf1a8e30b0a84f56c78c3edac21e"
  integrity sha512-hkRX8U1WjJFd8LsDJ2yQ/wWWxaopEsABU1XfkM8A+j0+85JAGppt16cr1Whg6KIbb4okU6Mql6BOj+uup/wKeA==
  dependencies:
    safe-buffer "~5.2.0"

through2@^4.0.2:
  version "4.0.2"
  resolved "https://registry.yarnpkg.com/through2/-/through2-4.0.2.tgz#a7ce3ac2a7a8b0b966c80e7c49f0484c3b239764"
  integrity sha512-iOqSav00cVxEEICeD7TjLB1sueEL+81Wpzp2bY17uZjZN0pWZPuo4suZ/61VujxmqSGFfgOcNuTZ85QJwNZQpw==
  dependencies:
    readable-stream "3"

tr46@~0.0.3:
  version "0.0.3"
  resolved "https://registry.yarnpkg.com/tr46/-/tr46-0.0.3.tgz#8184fd347dac9cdc185992f3a6622e14b9d9ab6a"
  integrity sha512-N3WMsuqV66lT30CrXNbEjx4GEwlow3v6rr4mCcv6prnfwhS01rkgyFdjPNBYd9br7LpXV1+Emh01fHnq2Gdgrw==

ts-essentials@^10.0.0:
  version "10.0.1"
  resolved "https://registry.yarnpkg.com/ts-essentials/-/ts-essentials-10.0.1.tgz#edee9a06e8a1a7e33ef21ae223d908a7c646e6c5"
  integrity sha512-HPH+H2bkkO8FkMDau+hFvv7KYozzned9Zr1Urn7rRPXMF4mZmCKOq+u4AI1AAW+2bofIOXTuSdKo9drQuni2dQ==

ts-essentials@^9.4.1:
  version "9.4.2"
  resolved "https://registry.yarnpkg.com/ts-essentials/-/ts-essentials-9.4.2.tgz#6d4bd23b46b61bf3e031816cc887e839eb62c33c"
  integrity sha512-mB/cDhOvD7pg3YCLk2rOtejHjjdSi9in/IBYE13S+8WA5FBSraYf4V/ws55uvs0IvQ/l0wBOlXy5yBNZ9Bl8ZQ==

tslib@^2.4.0:
  version "2.6.3"
  resolved "https://registry.yarnpkg.com/tslib/-/tslib-2.6.3.tgz#0438f810ad7a9edcde7a241c3d80db693c8cbfe0"
  integrity sha512-xNvxJEOUiWPGhUuUdQgAJPKOOJfGnIyKySOc09XkKsgdUV/3E2zvwZYdejjmRgPCgcym1juLH3226yA7sEFJKQ==

type-fest@^0.13.1:
  version "0.13.1"
  resolved "https://registry.yarnpkg.com/type-fest/-/type-fest-0.13.1.tgz#0172cb5bce80b0bd542ea348db50c7e21834d934"
  integrity sha512-34R7HTnG0XIJcBSn5XhDd7nNFPRcXYRZrBB2O2jdKqYODldSzBAqzsWoZYYvduky73toYS/ESqxPvkDf/F0XMg==

typescript@^5.5.4:
  version "5.5.4"
  resolved "https://registry.yarnpkg.com/typescript/-/typescript-5.5.4.tgz#d9852d6c82bad2d2eda4fd74a5762a8f5909e9ba"
  integrity sha512-Mtq29sKDAEYP7aljRgtPOpTvOfbwRWlS6dPRzwjdE+C0R4brX/GUyhHSecbHMFLNBLcJIPt9nl9yG5TZ1weH+Q==

undici-types@~5.26.4:
  version "5.26.5"
  resolved "https://registry.yarnpkg.com/undici-types/-/undici-types-5.26.5.tgz#bcd539893d00b56e964fd2657a4866b221a65617"
  integrity sha512-JlCMO+ehdEIKqlFxk6IfVoAUVmgz7cU7zD/h9XZ0qzeosSHmUJVOzSQvvYSYWXkFXC+IfLKSIffhv0sVZup6pA==

undici@^5.21.2:
  version "5.28.4"
  resolved "https://registry.yarnpkg.com/undici/-/undici-5.28.4.tgz#6b280408edb6a1a604a9b20340f45b422e373068"
  integrity sha512-72RFADWFqKmUb2hmmvNODKL3p9hcB6Gt2DOQMis1SEBaV6a4MH8soBvzg+95CYhCKPFedut2JY9bMfrDl9D23g==
  dependencies:
    "@fastify/busboy" "^2.0.0"

undici@^6.12.0:
  version "6.19.4"
  resolved "https://registry.yarnpkg.com/undici/-/undici-6.19.4.tgz#5ec3b191699a1678ee0aa9ed14e443a682d0f7a8"
  integrity sha512-i3uaEUwNdkRq2qtTRRJb13moW5HWqviu7Vl7oYRYz++uPtGHJj+x7TGjcEuwS5Mt2P4nA0U9dhIX3DdB6JGY0g==

universalify@^2.0.0:
  version "2.0.1"
  resolved "https://registry.yarnpkg.com/universalify/-/universalify-2.0.1.tgz#168efc2180964e6386d061e094df61afe239b18d"
  integrity sha512-gptHNQghINnc/vTGIk0SOFGFNXw7JVrlRUtConJRlvaw6DuX0wO5Jeko9sWrMBhh+PsYAZ7oXAiOnf/UKogyiw==

url-parse@^1.4.3, url-parse@^1.5.10:
  version "1.5.10"
  resolved "https://registry.yarnpkg.com/url-parse/-/url-parse-1.5.10.tgz#9d3c2f736c1d75dd3bd2be507dcc111f1e2ea9c1"
  integrity sha512-WypcfiRhfeUP9vvF0j6rw0J3hrWrw6iZv3+22h6iRMJ/8z1Tj6XfLP4DsUix5MhMPnXpiHDoKyoZ/bdCkwBCiQ==
  dependencies:
    querystringify "^2.1.1"
    requires-port "^1.0.0"

util-deprecate@^1.0.1:
  version "1.0.2"
  resolved "https://registry.yarnpkg.com/util-deprecate/-/util-deprecate-1.0.2.tgz#450d4dc9fa70de732762fbd2d4a28981419a0ccf"
  integrity sha512-EPD5q1uXyFxJpCrLnCc1nHnq3gOa6DZBocAIiI2TaSCA7VCJ1UJDMagCzIkXNsUYfD1daK//LTEQ8xiIbrHtcw==

web-streams-polyfill@^3.0.3:
  version "3.3.3"
  resolved "https://registry.yarnpkg.com/web-streams-polyfill/-/web-streams-polyfill-3.3.3.tgz#2073b91a2fdb1fbfbd401e7de0ac9f8214cecb4b"
  integrity sha512-d2JWLCivmZYTSIoge9MsgFCZrt571BikcWGYkjC1khllbTeDlGqZ2D8vD8E/lJa8WGWbb7Plm8/XJYV7IJHZZw==

webidl-conversions@^3.0.0:
  version "3.0.1"
  resolved "https://registry.yarnpkg.com/webidl-conversions/-/webidl-conversions-3.0.1.tgz#24534275e2a7bc6be7bc86611cc16ae0a5654871"
  integrity sha512-2JAn3z8AR6rjK8Sm8orRC0h/bcl/DqL7tRPdGZ4I1CjdF+EaMLmYxBHyXuKL849eucPFhvBoxMsflfOb8kxaeQ==

whatwg-url@^5.0.0:
  version "5.0.0"
  resolved "https://registry.yarnpkg.com/whatwg-url/-/whatwg-url-5.0.0.tgz#966454e8765462e37644d3626f6742ce8b70965d"
  integrity sha512-saE57nupxk6v3HY35+jzBwYa0rKSy0XR8JSxZPwgLr7ys0IBzhGviA1/TUGJLmSVqs8pb9AnvICXEuOHLprYTw==
  dependencies:
    tr46 "~0.0.3"
    webidl-conversions "^3.0.0"

wrappy@1:
  version "1.0.2"
  resolved "https://registry.yarnpkg.com/wrappy/-/wrappy-1.0.2.tgz#b5243d8f3ec1aa35f1364605bc0d1036e30ab69f"
  integrity sha512-l4Sp/DRseor9wL6EvV2+TuQn63dMkPjZ/sp9XkghTEbV9KlPS1xUsZ3u7/IQO4wxtcFB4bgpQPRcR3QCvezPcQ==

xtend@~4.0.1:
  version "4.0.2"
  resolved "https://registry.yarnpkg.com/xtend/-/xtend-4.0.2.tgz#bb72779f5fa465186b1f438f674fa347fdb5db54"
  integrity sha512-LKYU1iAXJXUgAXn9URjiu+MWhyUXHsvfp7mcuYm9dSUKK0/CjtrUwFAxD82/mCWbtLsGjFIad0wIsod4zrTAEQ==

yallist@^4.0.0:
  version "4.0.0"
  resolved "https://registry.yarnpkg.com/yallist/-/yallist-4.0.0.tgz#9bb92790d9c0effec63be73519e11a35019a3a72"
  integrity sha512-3wdGidZyq5PB084XLES5TpOSRA3wjXAlIWMhum2kRcv/41Sn2emQ0dycQW4uZXLejwKvg6EsvbdlVL+FYEct7A==

yaml@^2.3.4:
  version "2.5.0"
  resolved "https://registry.yarnpkg.com/yaml/-/yaml-2.5.0.tgz#c6165a721cf8000e91c36490a41d7be25176cf5d"
  integrity sha512-2wWLbGbYDiSqqIKoPjar3MPgB94ErzCtrNE1FdqGuaO0pi2JGjmE8aW8TDZwzU7vuxcGRdL/4gPQwQ7hD5AMSw==

yocto-queue@^1.0.0:
  version "1.1.1"
  resolved "https://registry.yarnpkg.com/yocto-queue/-/yocto-queue-1.1.1.tgz#fef65ce3ac9f8a32ceac5a634f74e17e5b232110"
  integrity sha512-b4JR1PFR10y1mKjhHY9LaGo6tmrgjit7hxVIeAmyMw3jegXR4dhYqLaQF5zMXZxY7tLpMyJeLjr1C4rLmkVe8g==
